
Microsoft Visual Studio Solution File, Format Version 12.00
# Visual Studio 2013
VisualStudioVersion = 12.0.31101.0
MinimumVisualStudioVersion = 10.0.40219.1
Project("{FAE04EC0-301F-11D3-BF4B-00C04F79EFBC}") = "MvcApp002", "MvcApp002\MvcApp002.csproj", "{B71BA9FD-57EA-428A-A979-76ED27866B4D}"
EndProject
Project("{FAE04EC0-301F-11D3-BF4B-00C04F79EFBC}") = "WebApp01", "WebApp01\WebApp01.csproj", "{580CEA9A-7984-4D8F-9EDD-0AD7D1DD14F6}"
EndProject
Project("{FAE04EC0-301F-11D3-BF4B-00C04F79EFBC}") = "WebApp003", "WebApp003\WebApp003.csproj", "{EAF422EA-D503-490A-8885-DD0E7324D0CA}"
EndProject
Global
	GlobalSection(SolutionConfigurationPlatforms) = preSolution
		Debug|Any CPU = Debug|Any CPU
		Release|Any CPU = Release|Any CPU
	EndGlobalSection
	GlobalSection(ProjectConfigurationPlatforms) = postSolution
		{B71BA9FD-57EA-428A-A979-76ED27866B4D}.Debug|Any CPU.ActiveCfg = Debug|Any CPU
		{B71BA9FD-57EA-428A-A979-76ED27866B4D}.Debug|Any CPU.Build.0 = Debug|Any CPU
		{B71BA9FD-57EA-428A-A979-76ED27866B4D}.Release|Any CPU.ActiveCfg = Release|Any CPU
		{B71BA9FD-57EA-428A-A979-76ED27866B4D}.Release|Any CPU.Build.0 = Release|Any CPU
		{580CEA9A-7984-4D8F-9EDD-0AD7D1DD14F6}.Debug|Any CPU.ActiveCfg = Debug|Any CPU
		{580CEA9A-7984-4D8F-9EDD-0AD7D1DD14F6}.Debug|Any CPU.Build.0 = Debug|Any CPU
		{580CEA9A-7984-4D8F-9EDD-0AD7D1DD14F6}.Release|Any CPU.ActiveCfg = Release|Any CPU
		{580CEA9A-7984-4D8F-9EDD-0AD7D1DD14F6}.Release|Any CPU.Build.0 = Release|Any CPU
		{EAF422EA-D503-490A-8885-DD0E7324D0CA}.Debug|Any CPU.ActiveCfg = Debug|Any CPU
		{EAF422EA-D503-490A-8885-DD0E7324D0CA}.Debug|Any CPU.Build.0 = Debug|Any CPU
		{EAF422EA-D503-490A-8885-DD0E7324D0CA}.Release|Any CPU.ActiveCfg = Release|Any CPU
		{EAF422EA-D503-490A-8885-DD0E7324D0CA}.Release|Any CPU.Build.0 = Release|Any CPU
	EndGlobalSection
	GlobalSection(SolutionProperties) = preSolution
		HideSolutionNode = FALSE
	EndGlobalSection
EndGlobal
